
Microsoft Visual Studio Solution File, Format Version 12.00
# Visual Studio Version 16
VisualStudioVersion = 16.0.31702.278
MinimumVisualStudioVersion = 10.0.40219.1
Project("{8BC9CEB8-8B4A-11D0-8D11-00A0C91BC942}") = "replmower", "replmower\replmower.vcxproj", "{083B5F1D-CBC9-4101-B914-A0C09FEEB658}"
EndProject
Global
	GlobalSection(SolutionConfigurationPlatforms) = preSolution
		Debug|x64 = Debug|x64
		Debug|x86 = Debug|x86
		Release|x64 = Release|x64
		Release|x86 = Release|x86
	EndGlobalSection
	GlobalSection(ProjectConfigurationPlatforms) = postSolution
		{083B5F1D-CBC9-4101-B914-A0C09FEEB658}.Debug|x64.ActiveCfg = Debug|x64
		{083B5F1D-CBC9-4101-B914-A0C09FEEB658}.Debug|x64.Build.0 = Debug|x64
		{083B5F1D-CBC9-4101-B914-A0C09FEEB658}.Debug|x86.ActiveCfg = Debug|Win32
		{083B5F1D-CBC9-4101-B914-A0C09FEEB658}.Debug|x86.Build.0 = Debug|Win32
		{083B5F1D-CBC9-4101-B914-A0C09FEEB658}.Release|x64.ActiveCfg = Release|x64
		{083B5F1D-CBC9-4101-B914-A0C09FEEB658}.Release|x64.Build.0 = Release|x64
		{083B5F1D-CBC9-4101-B914-A0C09FEEB658}.Release|x86.ActiveCfg = Release|Win32
		{083B5F1D-CBC9-4101-B914-A0C09FEEB658}.Release|x86.Build.0 = Release|Win32
	EndGlobalSection
	GlobalSection(SolutionProperties) = preSolution
		HideSolutionNode = FALSE
	EndGlobalSection
	GlobalSection(ExtensibilityGlobals) = postSolution
		SolutionGuid = {F0B19A9A-3266-4309-BA69-B6AB04391068}
	EndGlobalSection
EndGlobal
